
Microsoft Visual Studio Solution File, Format Version 12.00
# Visual Studio 14
VisualStudioVersion = 14.0.25123.0
MinimumVisualStudioVersion = 10.0.40219.1
Project("{8BC9CEB8-8B4A-11D0-8D11-00A0C91BC942}") = "1-HelloAIE", "1-HelloAIE\1-HelloAIE.vcxproj", "{3A499FBA-DAAF-46E5-8DD6-E9CD9F9CCEEB}"
EndProject
Project("{8BC9CEB8-8B4A-11D0-8D11-00A0C91BC942}") = "2-Variables", "2-Variables\2-Variables.vcxproj", "{9B205833-85F5-47D1-B8B5-274B2621EE3C}"
EndProject
Project("{8BC9CEB8-8B4A-11D0-8D11-00A0C91BC942}") = "3-Conditionals", "3-Conditionals\3-Conditionals.vcxproj", "{F729A7DF-80EE-43B1-943D-F50E91B07F60}"
EndProject
Project("{8BC9CEB8-8B4A-11D0-8D11-00A0C91BC942}") = "4-Functions", "4-Functions\4-Functions.vcxproj", "{5A797535-1A99-4B16-937E-BC8F5A055563}"
EndProject
Project("{8BC9CEB8-8B4A-11D0-8D11-00A0C91BC942}") = "5-Multi-File Projects", "5-Multi-File Projects\5-Multi-File Projects.vcxproj", "{EB4877D8-6DAC-4B83-ABC3-4CE72ADFDEA4}"
EndProject
Project("{8BC9CEB8-8B4A-11D0-8D11-00A0C91BC942}") = "6-Loops", "6-Loops\6-Loops.vcxproj", "{9AACEA2B-6BEC-4F0A-BA71-A982433C8D87}"
EndProject
Project("{8BC9CEB8-8B4A-11D0-8D11-00A0C91BC942}") = "7-Arrays", "7-Arrays\7-Arrays.vcxproj", "{83532A0D-3508-4A07-91DD-E40118DA1C2B}"
EndProject
Project("{8BC9CEB8-8B4A-11D0-8D11-00A0C91BC942}") = "8-Structs", "8-Structs\8-Structs.vcxproj", "{FD9C30D8-EA9A-48CF-9A85-BE53A14D5DB1}"
EndProject
Project("{8BC9CEB8-8B4A-11D0-8D11-00A0C91BC942}") = "TheLegendOftheHolyDonut", "TheLegendOftheHolyDonut\TheLegendOftheHolyDonut.vcxproj", "{E9A50C1B-044D-42F2-83EF-2FBC1F59900B}"
EndProject
Project("{8BC9CEB8-8B4A-11D0-8D11-00A0C91BC942}") = "Assesment1", "Assesment1\Assesment1.vcxproj", "{73AE0BA2-356B-4FF3-8DC6-CF196DCB562A}"
EndProject
Global
	GlobalSection(SolutionConfigurationPlatforms) = preSolution
		Debug|x64 = Debug|x64
		Debug|x86 = Debug|x86
		Release|x64 = Release|x64
		Release|x86 = Release|x86
	EndGlobalSection
	GlobalSection(ProjectConfigurationPlatforms) = postSolution
		{3A499FBA-DAAF-46E5-8DD6-E9CD9F9CCEEB}.Debug|x64.ActiveCfg = Debug|x64
		{3A499FBA-DAAF-46E5-8DD6-E9CD9F9CCEEB}.Debug|x64.Build.0 = Debug|x64
		{3A499FBA-DAAF-46E5-8DD6-E9CD9F9CCEEB}.Debug|x86.ActiveCfg = Debug|Win32
		{3A499FBA-DAAF-46E5-8DD6-E9CD9F9CCEEB}.Debug|x86.Build.0 = Debug|Win32
		{3A499FBA-DAAF-46E5-8DD6-E9CD9F9CCEEB}.Release|x64.ActiveCfg = Release|x64
		{3A499FBA-DAAF-46E5-8DD6-E9CD9F9CCEEB}.Release|x64.Build.0 = Release|x64
		{3A499FBA-DAAF-46E5-8DD6-E9CD9F9CCEEB}.Release|x86.ActiveCfg = Release|Win32
		{3A499FBA-DAAF-46E5-8DD6-E9CD9F9CCEEB}.Release|x86.Build.0 = Release|Win32
		{9B205833-85F5-47D1-B8B5-274B2621EE3C}.Debug|x64.ActiveCfg = Debug|x64
		{9B205833-85F5-47D1-B8B5-274B2621EE3C}.Debug|x64.Build.0 = Debug|x64
		{9B205833-85F5-47D1-B8B5-274B2621EE3C}.Debug|x86.ActiveCfg = Debug|Win32
		{9B205833-85F5-47D1-B8B5-274B2621EE3C}.Debug|x86.Build.0 = Debug|Win32
		{9B205833-85F5-47D1-B8B5-274B2621EE3C}.Release|x64.ActiveCfg = Release|x64
		{9B205833-85F5-47D1-B8B5-274B2621EE3C}.Release|x64.Build.0 = Release|x64
		{9B205833-85F5-47D1-B8B5-274B2621EE3C}.Release|x86.ActiveCfg = Release|Win32
		{9B205833-85F5-47D1-B8B5-274B2621EE3C}.Release|x86.Build.0 = Release|Win32
		{F729A7DF-80EE-43B1-943D-F50E91B07F60}.Debug|x64.ActiveCfg = Debug|x64
		{F729A7DF-80EE-43B1-943D-F50E91B07F60}.Debug|x64.Build.0 = Debug|x64
		{F729A7DF-80EE-43B1-943D-F50E91B07F60}.Debug|x86.ActiveCfg = Debug|Win32
		{F729A7DF-80EE-43B1-943D-F50E91B07F60}.Debug|x86.Build.0 = Debug|Win32
		{F729A7DF-80EE-43B1-943D-F50E91B07F60}.Release|x64.ActiveCfg = Release|x64
		{F729A7DF-80EE-43B1-943D-F50E91B07F60}.Release|x64.Build.0 = Release|x64
		{F729A7DF-80EE-43B1-943D-F50E91B07F60}.Release|x86.ActiveCfg = Release|Win32
		{F729A7DF-80EE-43B1-943D-F50E91B07F60}.Release|x86.Build.0 = Release|Win32
		{5A797535-1A99-4B16-937E-BC8F5A055563}.Debug|x64.ActiveCfg = Debug|x64
		{5A797535-1A99-4B16-937E-BC8F5A055563}.Debug|x64.Build.0 = Debug|x64
		{5A797535-1A99-4B16-937E-BC8F5A055563}.Debug|x86.ActiveCfg = Debug|Win32
		{5A797535-1A99-4B16-937E-BC8F5A055563}.Debug|x86.Build.0 = Debug|Win32
		{5A797535-1A99-4B16-937E-BC8F5A055563}.Release|x64.ActiveCfg = Release|x64
		{5A797535-1A99-4B16-937E-BC8F5A055563}.Release|x64.Build.0 = Release|x64
		{5A797535-1A99-4B16-937E-BC8F5A055563}.Release|x86.ActiveCfg = Release|Win32
		{5A797535-1A99-4B16-937E-BC8F5A055563}.Release|x86.Build.0 = Release|Win32
		{EB4877D8-6DAC-4B83-ABC3-4CE72ADFDEA4}.Debug|x64.ActiveCfg = Debug|x64
		{EB4877D8-6DAC-4B83-ABC3-4CE72ADFDEA4}.Debug|x64.Build.0 = Debug|x64
		{EB4877D8-6DAC-4B83-ABC3-4CE72ADFDEA4}.Debug|x86.ActiveCfg = Debug|Win32
		{EB4877D8-6DAC-4B83-ABC3-4CE72ADFDEA4}.Debug|x86.Build.0 = Debug|Win32
		{EB4877D8-6DAC-4B83-ABC3-4CE72ADFDEA4}.Release|x64.ActiveCfg = Release|x64
		{EB4877D8-6DAC-4B83-ABC3-4CE72ADFDEA4}.Release|x64.Build.0 = Release|x64
		{EB4877D8-6DAC-4B83-ABC3-4CE72ADFDEA4}.Release|x86.ActiveCfg = Release|Win32
		{EB4877D8-6DAC-4B83-ABC3-4CE72ADFDEA4}.Release|x86.Build.0 = Release|Win32
		{9AACEA2B-6BEC-4F0A-BA71-A982433C8D87}.Debug|x64.ActiveCfg = Debug|x64
		{9AACEA2B-6BEC-4F0A-BA71-A982433C8D87}.Debug|x64.Build.0 = Debug|x64
		{9AACEA2B-6BEC-4F0A-BA71-A982433C8D87}.Debug|x86.ActiveCfg = Debug|Win32
		{9AACEA2B-6BEC-4F0A-BA71-A982433C8D87}.Debug|x86.Build.0 = Debug|Win32
		{9AACEA2B-6BEC-4F0A-BA71-A982433C8D87}.Release|x64.ActiveCfg = Release|x64
		{9AACEA2B-6BEC-4F0A-BA71-A982433C8D87}.Release|x64.Build.0 = Release|x64
		{9AACEA2B-6BEC-4F0A-BA71-A982433C8D87}.Release|x86.ActiveCfg = Release|Win32
		{9AACEA2B-6BEC-4F0A-BA71-A982433C8D87}.Release|x86.Build.0 = Release|Win32
		{83532A0D-3508-4A07-91DD-E40118DA1C2B}.Debug|x64.ActiveCfg = Debug|x64
		{83532A0D-3508-4A07-91DD-E40118DA1C2B}.Debug|x64.Build.0 = Debug|x64
		{83532A0D-3508-4A07-91DD-E40118DA1C2B}.Debug|x86.ActiveCfg = Debug|Win32
		{83532A0D-3508-4A07-91DD-E40118DA1C2B}.Debug|x86.Build.0 = Debug|Win32
		{83532A0D-3508-4A07-91DD-E40118DA1C2B}.Release|x64.ActiveCfg = Release|x64
		{83532A0D-3508-4A07-91DD-E40118DA1C2B}.Release|x64.Build.0 = Release|x64
		{83532A0D-3508-4A07-91DD-E40118DA1C2B}.Release|x86.ActiveCfg = Release|Win32
		{83532A0D-3508-4A07-91DD-E40118DA1C2B}.Release|x86.Build.0 = Release|Win32
		{FD9C30D8-EA9A-48CF-9A85-BE53A14D5DB1}.Debug|x64.ActiveCfg = Debug|x64
		{FD9C30D8-EA9A-48CF-9A85-BE53A14D5DB1}.Debug|x64.Build.0 = Debug|x64
		{FD9C30D8-EA9A-48CF-9A85-BE53A14D5DB1}.Debug|x86.ActiveCfg = Debug|Win32
		{FD9C30D8-EA9A-48CF-9A85-BE53A14D5DB1}.Debug|x86.Build.0 = Debug|Win32
		{FD9C30D8-EA9A-48CF-9A85-BE53A14D5DB1}.Release|x64.ActiveCfg = Release|x64
		{FD9C30D8-EA9A-48CF-9A85-BE53A14D5DB1}.Release|x64.Build.0 = Release|x64
		{FD9C30D8-EA9A-48CF-9A85-BE53A14D5DB1}.Release|x86.ActiveCfg = Release|Win32
		{FD9C30D8-EA9A-48CF-9A85-BE53A14D5DB1}.Release|x86.Build.0 = Release|Win32
		{E9A50C1B-044D-42F2-83EF-2FBC1F59900B}.Debug|x64.ActiveCfg = Debug|x64
		{E9A50C1B-044D-42F2-83EF-2FBC1F59900B}.Debug|x64.Build.0 = Debug|x64
		{E9A50C1B-044D-42F2-83EF-2FBC1F59900B}.Debug|x86.ActiveCfg = Debug|Win32
		{E9A50C1B-044D-42F2-83EF-2FBC1F59900B}.Debug|x86.Build.0 = Debug|Win32
		{E9A50C1B-044D-42F2-83EF-2FBC1F59900B}.Release|x64.ActiveCfg = Release|x64
		{E9A50C1B-044D-42F2-83EF-2FBC1F59900B}.Release|x64.Build.0 = Release|x64
		{E9A50C1B-044D-42F2-83EF-2FBC1F59900B}.Release|x86.ActiveCfg = Release|Win32
		{E9A50C1B-044D-42F2-83EF-2FBC1F59900B}.Release|x86.Build.0 = Release|Win32
		{73AE0BA2-356B-4FF3-8DC6-CF196DCB562A}.Debug|x64.ActiveCfg = Debug|x64
		{73AE0BA2-356B-4FF3-8DC6-CF196DCB562A}.Debug|x64.Build.0 = Debug|x64
		{73AE0BA2-356B-4FF3-8DC6-CF196DCB562A}.Debug|x86.ActiveCfg = Debug|Win32
		{73AE0BA2-356B-4FF3-8DC6-CF196DCB562A}.Debug|x86.Build.0 = Debug|Win32
		{73AE0BA2-356B-4FF3-8DC6-CF196DCB562A}.Release|x64.ActiveCfg = Release|x64
		{73AE0BA2-356B-4FF3-8DC6-CF196DCB562A}.Release|x64.Build.0 = Release|x64
		{73AE0BA2-356B-4FF3-8DC6-CF196DCB562A}.Release|x86.ActiveCfg = Release|Win32
		{73AE0BA2-356B-4FF3-8DC6-CF196DCB562A}.Release|x86.Build.0 = Release|Win32
	EndGlobalSection
	GlobalSection(SolutionProperties) = preSolution
		HideSolutionNode = FALSE
	EndGlobalSection
EndGlobal
